
Microsoft Visual Studio Solution File, Format Version 12.00
# Visual Studio 15
Project("{FAE04EC0-301F-11D3-BF4B-00C04F79EFBC}") = "UnityEngine.UI", "UnityEngine.UI.csproj", "{A97C0ACA-CAE6-2BE6-09F6-981597615CF3}"
EndProject
Project("{FAE04EC0-301F-11D3-BF4B-00C04F79EFBC}") = "Assembly-CSharp", "Assembly-CSharp.csproj", "{CC05ABDD-116D-B2EF-1085-8FFFB78D8259}"
EndProject
Project("{FAE04EC0-301F-11D3-BF4B-00C04F79EFBC}") = "UnityEngine.TestRunner", "UnityEngine.TestRunner.csproj", "{443A7E87-D123-5897-D430-305092EDE7C0}"
EndProject
Project("{FAE04EC0-301F-11D3-BF4B-00C04F79EFBC}") = "Kamgam.SettingsGenerator", "Kamgam.SettingsGenerator.csproj", "{3D665BA5-B668-56BA-97D7-A672E4705DD0}"
EndProject
Project("{FAE04EC0-301F-11D3-BF4B-00C04F79EFBC}") = "Unity.Mathematics", "Unity.Mathematics.csproj", "{D2ECD8FC-1497-A39F-B2DA-B9A4149052EA}"
EndProject
Project("{FAE04EC0-301F-11D3-BF4B-00C04F79EFBC}") = "Unity.InputSystem", "Unity.InputSystem.csproj", "{1D41E9F3-E170-E7DE-9752-59D010ED3312}"
EndProject
Project("{FAE04EC0-301F-11D3-BF4B-00C04F79EFBC}") = "AstarPathfindingProject", "AstarPathfindingProject.csproj", "{02F17670-EC2F-C4AC-7781-4103011831C0}"
EndProject
Project("{FAE04EC0-301F-11D3-BF4B-00C04F79EFBC}") = "Unity.Postprocessing.Runtime", "Unity.Postprocessing.Runtime.csproj", "{2BABC2FF-6E4E-95ED-F3D9-974847B81B4B}"
EndProject
Project("{FAE04EC0-301F-11D3-BF4B-00C04F79EFBC}") = "Kamgam.UGUIComponentsForSettings", "Kamgam.UGUIComponentsForSettings.csproj", "{1E625B0D-33FD-195F-96A1-65EA860C5543}"
EndProject
Project("{FAE04EC0-301F-11D3-BF4B-00C04F79EFBC}") = "LocalizationsForSettings", "LocalizationsForSettings.csproj", "{63424E62-9273-274A-47F5-CE9A758BB633}"
EndProject
Project("{FAE04EC0-301F-11D3-BF4B-00C04F79EFBC}") = "Unity.Burst", "Unity.Burst.csproj", "{0D77C53E-F2C0-6378-A9A2-4CD5DA297840}"
EndProject
Project("{FAE04EC0-301F-11D3-BF4B-00C04F79EFBC}") = "Unity.2D.Animation.Runtime", "Unity.2D.Animation.Runtime.csproj", "{9C87EBDD-ED39-3640-5A3E-3AE55A1EEF7D}"
EndProject
Project("{FAE04EC0-301F-11D3-BF4B-00C04F79EFBC}") = "Unity.TextMeshPro", "Unity.TextMeshPro.csproj", "{D69FFEB7-5529-0358-2C8B-ADAB415E84E5}"
EndProject
Project("{FAE04EC0-301F-11D3-BF4B-00C04F79EFBC}") = "Unity.Timeline", "Unity.Timeline.csproj", "{8BD9CB6B-774A-AD1A-2841-50A61FE4E355}"
EndProject
Project("{FAE04EC0-301F-11D3-BF4B-00C04F79EFBC}") = "Unity.2D.SpriteShape.Runtime", "Unity.2D.SpriteShape.Runtime.csproj", "{CFBE428D-4604-5E0D-DFCA-5CD0BE24269C}"
EndProject
Project("{FAE04EC0-301F-11D3-BF4B-00C04F79EFBC}") = "Unity.2D.PixelPerfect", "Unity.2D.PixelPerfect.csproj", "{CE1947D2-FA44-0D8E-34CC-9CE8878A7438}"
EndProject
Project("{FAE04EC0-301F-11D3-BF4B-00C04F79EFBC}") = "Kamgam.SettingsGeneratorExamples", "Kamgam.SettingsGeneratorExamples.csproj", "{07D42920-94BA-9C90-59A5-ADCB89107AA0}"
EndProject
Project("{FAE04EC0-301F-11D3-BF4B-00C04F79EFBC}") = "Unity.2D.Common.Runtime", "Unity.2D.Common.Runtime.csproj", "{17C9A58A-07CC-91E2-F9B7-78DA7449EA4C}"
EndProject
Project("{FAE04EC0-301F-11D3-BF4B-00C04F79EFBC}") = "Unity.2D.IK.Runtime", "Unity.2D.IK.Runtime.csproj", "{8CD7C2B2-85FB-09EF-5DA9-7555EA9D749B}"
EndProject
Project("{FAE04EC0-301F-11D3-BF4B-00C04F79EFBC}") = "Unity.2D.Tilemap.Extras", "Unity.2D.Tilemap.Extras.csproj", "{055C7D4E-7528-B180-5BA0-27D38DD874E8}"
EndProject
Project("{FAE04EC0-301F-11D3-BF4B-00C04F79EFBC}") = "Unity.InternalAPIEngineBridge.001", "Unity.InternalAPIEngineBridge.001.csproj", "{6309F861-ABA8-51C3-1BF5-4951E5BDB448}"
EndProject
Project("{FAE04EC0-301F-11D3-BF4B-00C04F79EFBC}") = "Unity.PlasticSCM.Editor", "Unity.PlasticSCM.Editor.csproj", "{57EA2CB2-CB9F-B541-7B5A-E19718E07DD6}"
EndProject
Project("{FAE04EC0-301F-11D3-BF4B-00C04F79EFBC}") = "Unity.VisualStudio.Editor", "Unity.VisualStudio.Editor.csproj", "{B817C09D-59E3-A011-FCF7-67024272D79E}"
EndProject
Project("{FAE04EC0-301F-11D3-BF4B-00C04F79EFBC}") = "Unity.Timeline.Editor", "Unity.Timeline.Editor.csproj", "{1E85DC99-1FFB-DFFA-1D63-FEAB1903D6E2}"
EndProject
Project("{FAE04EC0-301F-11D3-BF4B-00C04F79EFBC}") = "Unity.TextMeshPro.Editor", "Unity.TextMeshPro.Editor.csproj", "{60C4A34F-8726-BEA7-5515-06E021290924}"
EndProject
Project("{FAE04EC0-301F-11D3-BF4B-00C04F79EFBC}") = "Unity.2D.PixelPerfect.Editor", "Unity.2D.PixelPerfect.Editor.csproj", "{1468CD6D-48A1-FA25-B226-9C0F5102B47E}"
EndProject
Project("{FAE04EC0-301F-11D3-BF4B-00C04F79EFBC}") = "Unity.2D.Animation.Editor", "Unity.2D.Animation.Editor.csproj", "{21302281-DF86-AEF8-3788-359BF67886B6}"
EndProject
Project("{FAE04EC0-301F-11D3-BF4B-00C04F79EFBC}") = "Unity.Postprocessing.Editor", "Unity.Postprocessing.Editor.csproj", "{9E121F25-65C1-FA2A-AD5A-5462390D3327}"
EndProject
Project("{FAE04EC0-301F-11D3-BF4B-00C04F79EFBC}") = "Unity.2D.Psdimporter.Editor", "Unity.2D.Psdimporter.Editor.csproj", "{13A104A2-D51F-592A-F36F-1443B2B9DEAE}"
EndProject
Project("{FAE04EC0-301F-11D3-BF4B-00C04F79EFBC}") = "UnityEditor.TestRunner", "UnityEditor.TestRunner.csproj", "{9CC9EEBE-B267-CC4E-6C29-A850A6022031}"
EndProject
Project("{FAE04EC0-301F-11D3-BF4B-00C04F79EFBC}") = "Unity.2D.Tilemap.Editor", "Unity.2D.Tilemap.Editor.csproj", "{89322080-EC8A-CC9C-B920-C24DF3327DAA}"
EndProject
Project("{FAE04EC0-301F-11D3-BF4B-00C04F79EFBC}") = "Unity.Rider.Editor", "Unity.Rider.Editor.csproj", "{823BF2C7-BB72-2DB0-19F4-FBD308A5BD66}"
EndProject
Project("{FAE04EC0-301F-11D3-BF4B-00C04F79EFBC}") = "Unity.2D.Path.Editor", "Unity.2D.Path.Editor.csproj", "{00F4C51A-F8AE-F978-2A6E-B236C1A3768E}"
EndProject
Project("{FAE04EC0-301F-11D3-BF4B-00C04F79EFBC}") = "PsdPlugin", "PsdPlugin.csproj", "{2A2B706E-A898-C4B1-1E34-290AFB7249FD}"
EndProject
Project("{FAE04EC0-301F-11D3-BF4B-00C04F79EFBC}") = "Unity.2D.IK.Editor", "Unity.2D.IK.Editor.csproj", "{404023E0-053B-5998-5648-7F1D232BFBCB}"
EndProject
Project("{FAE04EC0-301F-11D3-BF4B-00C04F79EFBC}") = "Unity.2D.SpriteShape.Editor", "Unity.2D.SpriteShape.Editor.csproj", "{2BA547C8-EC7A-A077-FCDF-2EA05866BA9C}"
EndProject
Project("{FAE04EC0-301F-11D3-BF4B-00C04F79EFBC}") = "Unity.Burst.CodeGen", "Unity.Burst.CodeGen.csproj", "{AC02F239-902F-468B-8C7C-D10D53661AC6}"
EndProject
Project("{FAE04EC0-301F-11D3-BF4B-00C04F79EFBC}") = "Unity.VSCode.Editor", "Unity.VSCode.Editor.csproj", "{0F6A302F-FDDC-4929-E0A2-49272EEBFCFA}"
EndProject
Project("{FAE04EC0-301F-11D3-BF4B-00C04F79EFBC}") = "AstarPathfindingProjectEditor", "AstarPathfindingProjectEditor.csproj", "{44615E4D-1A70-C5B0-7F03-7C63DA48F35B}"
EndProject
Project("{FAE04EC0-301F-11D3-BF4B-00C04F79EFBC}") = "Unity.2D.Sprite.Editor", "Unity.2D.Sprite.Editor.csproj", "{AF624DE0-A7FB-DBFA-17C5-7757F0152A17}"
EndProject
Project("{FAE04EC0-301F-11D3-BF4B-00C04F79EFBC}") = "UnityEditor.UI", "UnityEditor.UI.csproj", "{84DA6EAA-D3D9-EFBF-80DD-830009305380}"
EndProject
Project("{FAE04EC0-301F-11D3-BF4B-00C04F79EFBC}") = "Unity.2D.Common.Editor", "Unity.2D.Common.Editor.csproj", "{9E64C0CB-53B2-9BF5-9F54-CBA93996099D}"
EndProject
Project("{FAE04EC0-301F-11D3-BF4B-00C04F79EFBC}") = "Kamgam.UGUIComponentsForSettingsEditor", "Kamgam.UGUIComponentsForSettingsEditor.csproj", "{8A4B5F5E-F9AE-2605-4A4D-50E60465C3D7}"
EndProject
Project("{FAE04EC0-301F-11D3-BF4B-00C04F79EFBC}") = "Unity.CollabProxy.Editor", "Unity.CollabProxy.Editor.csproj", "{E85906DE-ECFD-1C6B-8589-3F3E4D382F52}"
EndProject
Project("{FAE04EC0-301F-11D3-BF4B-00C04F79EFBC}") = "Unity.Mathematics.Editor", "Unity.Mathematics.Editor.csproj", "{D0F1CDD5-607E-67BE-A2DB-CE0F9FE4A63C}"
EndProject
Project("{FAE04EC0-301F-11D3-BF4B-00C04F79EFBC}") = "Unity.2D.Tilemap.Extras.Editor", "Unity.2D.Tilemap.Extras.Editor.csproj", "{855D0F73-214A-0243-20B1-2F4156285414}"
EndProject
Project("{FAE04EC0-301F-11D3-BF4B-00C04F79EFBC}") = "Unity.Burst.Editor", "Unity.Burst.Editor.csproj", "{B7FEDEF9-6AFF-9DD7-7B3E-E5E1DE5475B1}"
EndProject
Project("{FAE04EC0-301F-11D3-BF4B-00C04F79EFBC}") = "PackageToolsEditor", "PackageToolsEditor.csproj", "{6772AB34-0168-645B-B43C-1460E2C13575}"
EndProject
Project("{FAE04EC0-301F-11D3-BF4B-00C04F79EFBC}") = "Unity.InternalAPIEditorBridge.001", "Unity.InternalAPIEditorBridge.001.csproj", "{AE961F3D-AC7A-C6AB-9BA2-5B9739BD7E40}"
EndProject
Project("{FAE04EC0-301F-11D3-BF4B-00C04F79EFBC}") = "LocalizationsForSettingsEditor", "LocalizationsForSettingsEditor.csproj", "{C61D95F6-3AA5-5AE2-ED2C-C2BC4987C91B}"
EndProject
Project("{FAE04EC0-301F-11D3-BF4B-00C04F79EFBC}") = "Kamgam.SettingsGeneratorEditor", "Kamgam.SettingsGeneratorEditor.csproj", "{0CE4351A-42B3-DBA2-DB01-C70CFCA6C3A1}"
EndProject
Project("{FAE04EC0-301F-11D3-BF4B-00C04F79EFBC}") = "UnityEngine.UI", "UnityEngine.UI.Player.csproj", "{71F6DF21-7848-9322-46CB-013A148E5823}"
EndProject
Project("{FAE04EC0-301F-11D3-BF4B-00C04F79EFBC}") = "Assembly-CSharp", "Assembly-CSharp.Player.csproj", "{AC325B8B-0A7B-0644-1BE5-291D07331AE9}"
EndProject
Project("{FAE04EC0-301F-11D3-BF4B-00C04F79EFBC}") = "UnityEngine.TestRunner", "UnityEngine.TestRunner.Player.csproj", "{7B81ACD1-0AE8-47B7-F31E-8AFFB7749E6E}"
EndProject
Project("{FAE04EC0-301F-11D3-BF4B-00C04F79EFBC}") = "Kamgam.SettingsGenerator", "Kamgam.SettingsGenerator.Player.csproj", "{B66A6E2B-774E-2F65-DDF3-E9B86C5CF30A}"
EndProject
Project("{FAE04EC0-301F-11D3-BF4B-00C04F79EFBC}") = "Unity.Mathematics", "Unity.Mathematics.Player.csproj", "{C86732B1-72B0-D9B4-EC24-492417B953FC}"
EndProject
Project("{FAE04EC0-301F-11D3-BF4B-00C04F79EFBC}") = "Unity.InputSystem", "Unity.InputSystem.Player.csproj", "{CBD86E4A-5B99-64C2-8EEF-D842B6482163}"
EndProject
Project("{FAE04EC0-301F-11D3-BF4B-00C04F79EFBC}") = "AstarPathfindingProject", "AstarPathfindingProject.Player.csproj", "{1C515767-CED4-E4A3-86A6-6A5C0FD668C1}"
EndProject
Project("{FAE04EC0-301F-11D3-BF4B-00C04F79EFBC}") = "Unity.Postprocessing.Runtime", "Unity.Postprocessing.Runtime.Player.csproj", "{0F5EB167-BC51-8BB1-E866-5EBEB5872167}"
EndProject
Project("{FAE04EC0-301F-11D3-BF4B-00C04F79EFBC}") = "Kamgam.UGUIComponentsForSettings", "Kamgam.UGUIComponentsForSettings.Player.csproj", "{B06C23B2-8A15-787D-CCE4-A52EDD499C62}"
EndProject
Project("{FAE04EC0-301F-11D3-BF4B-00C04F79EFBC}") = "LocalizationsForSettings", "LocalizationsForSettings.Player.csproj", "{D0B461E0-F717-75AC-B403-13CDB9C36BFD}"
EndProject
Project("{FAE04EC0-301F-11D3-BF4B-00C04F79EFBC}") = "Unity.Burst", "Unity.Burst.Player.csproj", "{A9CE5978-6824-F437-640A-E6DCC15B3FE0}"
EndProject
Project("{FAE04EC0-301F-11D3-BF4B-00C04F79EFBC}") = "Unity.2D.Animation.Runtime", "Unity.2D.Animation.Runtime.Player.csproj", "{244AF4DC-64E9-D5D1-69D2-2677F6050206}"
EndProject
Project("{FAE04EC0-301F-11D3-BF4B-00C04F79EFBC}") = "Unity.TextMeshPro", "Unity.TextMeshPro.Player.csproj", "{5FBCC671-5135-4ADC-19B5-8BAC3916FFCF}"
EndProject
Project("{FAE04EC0-301F-11D3-BF4B-00C04F79EFBC}") = "Unity.Timeline", "Unity.Timeline.Player.csproj", "{57FDC73F-DB70-BEE5-C564-4A39EBA1A4BA}"
EndProject
Project("{FAE04EC0-301F-11D3-BF4B-00C04F79EFBC}") = "Unity.2D.SpriteShape.Runtime", "Unity.2D.SpriteShape.Runtime.Player.csproj", "{67E413F5-5B4C-4138-FC69-C13954E15315}"
EndProject
Project("{FAE04EC0-301F-11D3-BF4B-00C04F79EFBC}") = "Unity.2D.PixelPerfect", "Unity.2D.PixelPerfect.Player.csproj", "{E7677007-EA7C-9463-99E2-22FE1E349943}"
EndProject
Project("{FAE04EC0-301F-11D3-BF4B-00C04F79EFBC}") = "Kamgam.SettingsGeneratorExamples", "Kamgam.SettingsGeneratorExamples.Player.csproj", "{6529ACD1-E129-2AC9-5341-2B7F15474367}"
EndProject
Project("{FAE04EC0-301F-11D3-BF4B-00C04F79EFBC}") = "Unity.2D.Common.Runtime", "Unity.2D.Common.Runtime.Player.csproj", "{DA806CED-1CFB-BB0E-EC1A-1926B1958BD8}"
EndProject
Project("{FAE04EC0-301F-11D3-BF4B-00C04F79EFBC}") = "Unity.2D.IK.Runtime", "Unity.2D.IK.Runtime.Player.csproj", "{A4932A28-C396-FC9F-F38A-D4E7368D4D92}"
EndProject
Project("{FAE04EC0-301F-11D3-BF4B-00C04F79EFBC}") = "Unity.2D.Tilemap.Extras", "Unity.2D.Tilemap.Extras.Player.csproj", "{B1153E8C-AB6F-C5AD-406E-730D473259E7}"
EndProject
Project("{FAE04EC0-301F-11D3-BF4B-00C04F79EFBC}") = "Unity.InternalAPIEngineBridge.001", "Unity.InternalAPIEngineBridge.001.Player.csproj", "{EA54A71C-9A77-81E0-2892-8A082ED53727}"
EndProject
Project("{2150E333-8FDC-42A3-9474-1A3956D46DE8}") = "Solution Items", "Solution Items", "{002FDC1C-2FF9-4CE7-AD29-0F0B60181BF0}"
	ProjectSection(SolutionItems) = preProject
		.editorconfig = .editorconfig
	EndProjectSection
EndProject
Global
	GlobalSection(SolutionConfigurationPlatforms) = preSolution
		Debug|Any CPU = Debug|Any CPU
		Release|Any CPU = Release|Any CPU
	EndGlobalSection
	GlobalSection(ProjectConfigurationPlatforms) = postSolution
		{A97C0ACA-CAE6-2BE6-09F6-981597615CF3}.Debug|Any CPU.ActiveCfg = Debug|Any CPU
		{A97C0ACA-CAE6-2BE6-09F6-981597615CF3}.Debug|Any CPU.Build.0 = Debug|Any CPU
		{A97C0ACA-CAE6-2BE6-09F6-981597615CF3}.Release|Any CPU.ActiveCfg = Release|Any CPU
		{A97C0ACA-CAE6-2BE6-09F6-981597615CF3}.Release|Any CPU.Build.0 = Release|Any CPU
		{CC05ABDD-116D-B2EF-1085-8FFFB78D8259}.Debug|Any CPU.ActiveCfg = Debug|Any CPU
		{CC05ABDD-116D-B2EF-1085-8FFFB78D8259}.Debug|Any CPU.Build.0 = Debug|Any CPU
		{CC05ABDD-116D-B2EF-1085-8FFFB78D8259}.Release|Any CPU.ActiveCfg = Release|Any CPU
		{CC05ABDD-116D-B2EF-1085-8FFFB78D8259}.Release|Any CPU.Build.0 = Release|Any CPU
		{443A7E87-D123-5897-D430-305092EDE7C0}.Debug|Any CPU.ActiveCfg = Debug|Any CPU
		{443A7E87-D123-5897-D430-305092EDE7C0}.Debug|Any CPU.Build.0 = Debug|Any CPU
		{443A7E87-D123-5897-D430-305092EDE7C0}.Release|Any CPU.ActiveCfg = Release|Any CPU
		{443A7E87-D123-5897-D430-305092EDE7C0}.Release|Any CPU.Build.0 = Release|Any CPU
		{3D665BA5-B668-56BA-97D7-A672E4705DD0}.Debug|Any CPU.ActiveCfg = Debug|Any CPU
		{3D665BA5-B668-56BA-97D7-A672E4705DD0}.Debug|Any CPU.Build.0 = Debug|Any CPU
		{3D665BA5-B668-56BA-97D7-A672E4705DD0}.Release|Any CPU.ActiveCfg = Release|Any CPU
		{3D665BA5-B668-56BA-97D7-A672E4705DD0}.Release|Any CPU.Build.0 = Release|Any CPU
		{D2ECD8FC-1497-A39F-B2DA-B9A4149052EA}.Debug|Any CPU.ActiveCfg = Debug|Any CPU
		{D2ECD8FC-1497-A39F-B2DA-B9A4149052EA}.Debug|Any CPU.Build.0 = Debug|Any CPU
		{D2ECD8FC-1497-A39F-B2DA-B9A4149052EA}.Release|Any CPU.ActiveCfg = Release|Any CPU
		{D2ECD8FC-1497-A39F-B2DA-B9A4149052EA}.Release|Any CPU.Build.0 = Release|Any CPU
		{1D41E9F3-E170-E7DE-9752-59D010ED3312}.Debug|Any CPU.ActiveCfg = Debug|Any CPU
		{1D41E9F3-E170-E7DE-9752-59D010ED3312}.Debug|Any CPU.Build.0 = Debug|Any CPU
		{1D41E9F3-E170-E7DE-9752-59D010ED3312}.Release|Any CPU.ActiveCfg = Release|Any CPU
		{1D41E9F3-E170-E7DE-9752-59D010ED3312}.Release|Any CPU.Build.0 = Release|Any CPU
		{02F17670-EC2F-C4AC-7781-4103011831C0}.Debug|Any CPU.ActiveCfg = Debug|Any CPU
		{02F17670-EC2F-C4AC-7781-4103011831C0}.Debug|Any CPU.Build.0 = Debug|Any CPU
		{02F17670-EC2F-C4AC-7781-4103011831C0}.Release|Any CPU.ActiveCfg = Release|Any CPU
		{02F17670-EC2F-C4AC-7781-4103011831C0}.Release|Any CPU.Build.0 = Release|Any CPU
		{2BABC2FF-6E4E-95ED-F3D9-974847B81B4B}.Debug|Any CPU.ActiveCfg = Debug|Any CPU
		{2BABC2FF-6E4E-95ED-F3D9-974847B81B4B}.Debug|Any CPU.Build.0 = Debug|Any CPU
		{2BABC2FF-6E4E-95ED-F3D9-974847B81B4B}.Release|Any CPU.ActiveCfg = Release|Any CPU
		{2BABC2FF-6E4E-95ED-F3D9-974847B81B4B}.Release|Any CPU.Build.0 = Release|Any CPU
		{1E625B0D-33FD-195F-96A1-65EA860C5543}.Debug|Any CPU.ActiveCfg = Debug|Any CPU
		{1E625B0D-33FD-195F-96A1-65EA860C5543}.Debug|Any CPU.Build.0 = Debug|Any CPU
		{1E625B0D-33FD-195F-96A1-65EA860C5543}.Release|Any CPU.ActiveCfg = Release|Any CPU
		{1E625B0D-33FD-195F-96A1-65EA860C5543}.Release|Any CPU.Build.0 = Release|Any CPU
		{63424E62-9273-274A-47F5-CE9A758BB633}.Debug|Any CPU.ActiveCfg = Debug|Any CPU
		{63424E62-9273-274A-47F5-CE9A758BB633}.Debug|Any CPU.Build.0 = Debug|Any CPU
		{63424E62-9273-274A-47F5-CE9A758BB633}.Release|Any CPU.ActiveCfg = Release|Any CPU
		{63424E62-9273-274A-47F5-CE9A758BB633}.Release|Any CPU.Build.0 = Release|Any CPU
		{0D77C53E-F2C0-6378-A9A2-4CD5DA297840}.Debug|Any CPU.ActiveCfg = Debug|Any CPU
		{0D77C53E-F2C0-6378-A9A2-4CD5DA297840}.Debug|Any CPU.Build.0 = Debug|Any CPU
		{0D77C53E-F2C0-6378-A9A2-4CD5DA297840}.Release|Any CPU.ActiveCfg = Release|Any CPU
		{0D77C53E-F2C0-6378-A9A2-4CD5DA297840}.Release|Any CPU.Build.0 = Release|Any CPU
		{9C87EBDD-ED39-3640-5A3E-3AE55A1EEF7D}.Debug|Any CPU.ActiveCfg = Debug|Any CPU
		{9C87EBDD-ED39-3640-5A3E-3AE55A1EEF7D}.Debug|Any CPU.Build.0 = Debug|Any CPU
		{9C87EBDD-ED39-3640-5A3E-3AE55A1EEF7D}.Release|Any CPU.ActiveCfg = Release|Any CPU
		{9C87EBDD-ED39-3640-5A3E-3AE55A1EEF7D}.Release|Any CPU.Build.0 = Release|Any CPU
		{D69FFEB7-5529-0358-2C8B-ADAB415E84E5}.Debug|Any CPU.ActiveCfg = Debug|Any CPU
		{D69FFEB7-5529-0358-2C8B-ADAB415E84E5}.Debug|Any CPU.Build.0 = Debug|Any CPU
		{D69FFEB7-5529-0358-2C8B-ADAB415E84E5}.Release|Any CPU.ActiveCfg = Release|Any CPU
		{D69FFEB7-5529-0358-2C8B-ADAB415E84E5}.Release|Any CPU.Build.0 = Release|Any CPU
		{8BD9CB6B-774A-AD1A-2841-50A61FE4E355}.Debug|Any CPU.ActiveCfg = Debug|Any CPU
		{8BD9CB6B-774A-AD1A-2841-50A61FE4E355}.Debug|Any CPU.Build.0 = Debug|Any CPU
		{8BD9CB6B-774A-AD1A-2841-50A61FE4E355}.Release|Any CPU.ActiveCfg = Release|Any CPU
		{8BD9CB6B-774A-AD1A-2841-50A61FE4E355}.Release|Any CPU.Build.0 = Release|Any CPU
		{CFBE428D-4604-5E0D-DFCA-5CD0BE24269C}.Debug|Any CPU.ActiveCfg = Debug|Any CPU
		{CFBE428D-4604-5E0D-DFCA-5CD0BE24269C}.Debug|Any CPU.Build.0 = Debug|Any CPU
		{CFBE428D-4604-5E0D-DFCA-5CD0BE24269C}.Release|Any CPU.ActiveCfg = Release|Any CPU
		{CFBE428D-4604-5E0D-DFCA-5CD0BE24269C}.Release|Any CPU.Build.0 = Release|Any CPU
		{CE1947D2-FA44-0D8E-34CC-9CE8878A7438}.Debug|Any CPU.ActiveCfg = Debug|Any CPU
		{CE1947D2-FA44-0D8E-34CC-9CE8878A7438}.Debug|Any CPU.Build.0 = Debug|Any CPU
		{CE1947D2-FA44-0D8E-34CC-9CE8878A7438}.Release|Any CPU.ActiveCfg = Release|Any CPU
		{CE1947D2-FA44-0D8E-34CC-9CE8878A7438}.Release|Any CPU.Build.0 = Release|Any CPU
		{07D42920-94BA-9C90-59A5-ADCB89107AA0}.Debug|Any CPU.ActiveCfg = Debug|Any CPU
		{07D42920-94BA-9C90-59A5-ADCB89107AA0}.Debug|Any CPU.Build.0 = Debug|Any CPU
		{07D42920-94BA-9C90-59A5-ADCB89107AA0}.Release|Any CPU.ActiveCfg = Release|Any CPU
		{07D42920-94BA-9C90-59A5-ADCB89107AA0}.Release|Any CPU.Build.0 = Release|Any CPU
		{17C9A58A-07CC-91E2-F9B7-78DA7449EA4C}.Debug|Any CPU.ActiveCfg = Debug|Any CPU
		{17C9A58A-07CC-91E2-F9B7-78DA7449EA4C}.Debug|Any CPU.Build.0 = Debug|Any CPU
		{17C9A58A-07CC-91E2-F9B7-78DA7449EA4C}.Release|Any CPU.ActiveCfg = Release|Any CPU
		{17C9A58A-07CC-91E2-F9B7-78DA7449EA4C}.Release|Any CPU.Build.0 = Release|Any CPU
		{8CD7C2B2-85FB-09EF-5DA9-7555EA9D749B}.Debug|Any CPU.ActiveCfg = Debug|Any CPU
		{8CD7C2B2-85FB-09EF-5DA9-7555EA9D749B}.Debug|Any CPU.Build.0 = Debug|Any CPU
		{8CD7C2B2-85FB-09EF-5DA9-7555EA9D749B}.Release|Any CPU.ActiveCfg = Release|Any CPU
		{8CD7C2B2-85FB-09EF-5DA9-7555EA9D749B}.Release|Any CPU.Build.0 = Release|Any CPU
		{055C7D4E-7528-B180-5BA0-27D38DD874E8}.Debug|Any CPU.ActiveCfg = Debug|Any CPU
		{055C7D4E-7528-B180-5BA0-27D38DD874E8}.Debug|Any CPU.Build.0 = Debug|Any CPU
		{055C7D4E-7528-B180-5BA0-27D38DD874E8}.Release|Any CPU.ActiveCfg = Release|Any CPU
		{055C7D4E-7528-B180-5BA0-27D38DD874E8}.Release|Any CPU.Build.0 = Release|Any CPU
		{6309F861-ABA8-51C3-1BF5-4951E5BDB448}.Debug|Any CPU.ActiveCfg = Debug|Any CPU
		{6309F861-ABA8-51C3-1BF5-4951E5BDB448}.Debug|Any CPU.Build.0 = Debug|Any CPU
		{6309F861-ABA8-51C3-1BF5-4951E5BDB448}.Release|Any CPU.ActiveCfg = Release|Any CPU
		{6309F861-ABA8-51C3-1BF5-4951E5BDB448}.Release|Any CPU.Build.0 = Release|Any CPU
		{57EA2CB2-CB9F-B541-7B5A-E19718E07DD6}.Debug|Any CPU.ActiveCfg = Debug|Any CPU
		{57EA2CB2-CB9F-B541-7B5A-E19718E07DD6}.Debug|Any CPU.Build.0 = Debug|Any CPU
		{57EA2CB2-CB9F-B541-7B5A-E19718E07DD6}.Release|Any CPU.ActiveCfg = Release|Any CPU
		{57EA2CB2-CB9F-B541-7B5A-E19718E07DD6}.Release|Any CPU.Build.0 = Release|Any CPU
		{B817C09D-59E3-A011-FCF7-67024272D79E}.Debug|Any CPU.ActiveCfg = Debug|Any CPU
		{B817C09D-59E3-A011-FCF7-67024272D79E}.Debug|Any CPU.Build.0 = Debug|Any CPU
		{B817C09D-59E3-A011-FCF7-67024272D79E}.Release|Any CPU.ActiveCfg = Release|Any CPU
		{B817C09D-59E3-A011-FCF7-67024272D79E}.Release|Any CPU.Build.0 = Release|Any CPU
		{1E85DC99-1FFB-DFFA-1D63-FEAB1903D6E2}.Debug|Any CPU.ActiveCfg = Debug|Any CPU
		{1E85DC99-1FFB-DFFA-1D63-FEAB1903D6E2}.Debug|Any CPU.Build.0 = Debug|Any CPU
		{1E85DC99-1FFB-DFFA-1D63-FEAB1903D6E2}.Release|Any CPU.ActiveCfg = Release|Any CPU
		{1E85DC99-1FFB-DFFA-1D63-FEAB1903D6E2}.Release|Any CPU.Build.0 = Release|Any CPU
		{60C4A34F-8726-BEA7-5515-06E021290924}.Debug|Any CPU.ActiveCfg = Debug|Any CPU
		{60C4A34F-8726-BEA7-5515-06E021290924}.Debug|Any CPU.Build.0 = Debug|Any CPU
		{60C4A34F-8726-BEA7-5515-06E021290924}.Release|Any CPU.ActiveCfg = Release|Any CPU
		{60C4A34F-8726-BEA7-5515-06E021290924}.Release|Any CPU.Build.0 = Release|Any CPU
		{1468CD6D-48A1-FA25-B226-9C0F5102B47E}.Debug|Any CPU.ActiveCfg = Debug|Any CPU
		{1468CD6D-48A1-FA25-B226-9C0F5102B47E}.Debug|Any CPU.Build.0 = Debug|Any CPU
		{1468CD6D-48A1-FA25-B226-9C0F5102B47E}.Release|Any CPU.ActiveCfg = Release|Any CPU
		{1468CD6D-48A1-FA25-B226-9C0F5102B47E}.Release|Any CPU.Build.0 = Release|Any CPU
		{21302281-DF86-AEF8-3788-359BF67886B6}.Debug|Any CPU.ActiveCfg = Debug|Any CPU
		{21302281-DF86-AEF8-3788-359BF67886B6}.Debug|Any CPU.Build.0 = Debug|Any CPU
		{21302281-DF86-AEF8-3788-359BF67886B6}.Release|Any CPU.ActiveCfg = Release|Any CPU
		{21302281-DF86-AEF8-3788-359BF67886B6}.Release|Any CPU.Build.0 = Release|Any CPU
		{9E121F25-65C1-FA2A-AD5A-5462390D3327}.Debug|Any CPU.ActiveCfg = Debug|Any CPU
		{9E121F25-65C1-FA2A-AD5A-5462390D3327}.Debug|Any CPU.Build.0 = Debug|Any CPU
		{9E121F25-65C1-FA2A-AD5A-5462390D3327}.Release|Any CPU.ActiveCfg = Release|Any CPU
		{9E121F25-65C1-FA2A-AD5A-5462390D3327}.Release|Any CPU.Build.0 = Release|Any CPU
		{13A104A2-D51F-592A-F36F-1443B2B9DEAE}.Debug|Any CPU.ActiveCfg = Debug|Any CPU
		{13A104A2-D51F-592A-F36F-1443B2B9DEAE}.Debug|Any CPU.Build.0 = Debug|Any CPU
		{13A104A2-D51F-592A-F36F-1443B2B9DEAE}.Release|Any CPU.ActiveCfg = Release|Any CPU
		{13A104A2-D51F-592A-F36F-1443B2B9DEAE}.Release|Any CPU.Build.0 = Release|Any CPU
		{9CC9EEBE-B267-CC4E-6C29-A850A6022031}.Debug|Any CPU.ActiveCfg = Debug|Any CPU
		{9CC9EEBE-B267-CC4E-6C29-A850A6022031}.Debug|Any CPU.Build.0 = Debug|Any CPU
		{9CC9EEBE-B267-CC4E-6C29-A850A6022031}.Release|Any CPU.ActiveCfg = Release|Any CPU
		{9CC9EEBE-B267-CC4E-6C29-A850A6022031}.Release|Any CPU.Build.0 = Release|Any CPU
		{89322080-EC8A-CC9C-B920-C24DF3327DAA}.Debug|Any CPU.ActiveCfg = Debug|Any CPU
		{89322080-EC8A-CC9C-B920-C24DF3327DAA}.Debug|Any CPU.Build.0 = Debug|Any CPU
		{89322080-EC8A-CC9C-B920-C24DF3327DAA}.Release|Any CPU.ActiveCfg = Release|Any CPU
		{89322080-EC8A-CC9C-B920-C24DF3327DAA}.Release|Any CPU.Build.0 = Release|Any CPU
		{823BF2C7-BB72-2DB0-19F4-FBD308A5BD66}.Debug|Any CPU.ActiveCfg = Debug|Any CPU
		{823BF2C7-BB72-2DB0-19F4-FBD308A5BD66}.Debug|Any CPU.Build.0 = Debug|Any CPU
		{823BF2C7-BB72-2DB0-19F4-FBD308A5BD66}.Release|Any CPU.ActiveCfg = Release|Any CPU
		{823BF2C7-BB72-2DB0-19F4-FBD308A5BD66}.Release|Any CPU.Build.0 = Release|Any CPU
		{00F4C51A-F8AE-F978-2A6E-B236C1A3768E}.Debug|Any CPU.ActiveCfg = Debug|Any CPU
		{00F4C51A-F8AE-F978-2A6E-B236C1A3768E}.Debug|Any CPU.Build.0 = Debug|Any CPU
		{00F4C51A-F8AE-F978-2A6E-B236C1A3768E}.Release|Any CPU.ActiveCfg = Release|Any CPU
		{00F4C51A-F8AE-F978-2A6E-B236C1A3768E}.Release|Any CPU.Build.0 = Release|Any CPU
		{2A2B706E-A898-C4B1-1E34-290AFB7249FD}.Debug|Any CPU.ActiveCfg = Debug|Any CPU
		{2A2B706E-A898-C4B1-1E34-290AFB7249FD}.Debug|Any CPU.Build.0 = Debug|Any CPU
		{2A2B706E-A898-C4B1-1E34-290AFB7249FD}.Release|Any CPU.ActiveCfg = Release|Any CPU
		{2A2B706E-A898-C4B1-1E34-290AFB7249FD}.Release|Any CPU.Build.0 = Release|Any CPU
		{404023E0-053B-5998-5648-7F1D232BFBCB}.Debug|Any CPU.ActiveCfg = Debug|Any CPU
		{404023E0-053B-5998-5648-7F1D232BFBCB}.Debug|Any CPU.Build.0 = Debug|Any CPU
		{404023E0-053B-5998-5648-7F1D232BFBCB}.Release|Any CPU.ActiveCfg = Release|Any CPU
		{404023E0-053B-5998-5648-7F1D232BFBCB}.Release|Any CPU.Build.0 = Release|Any CPU
		{2BA547C8-EC7A-A077-FCDF-2EA05866BA9C}.Debug|Any CPU.ActiveCfg = Debug|Any CPU
		{2BA547C8-EC7A-A077-FCDF-2EA05866BA9C}.Debug|Any CPU.Build.0 = Debug|Any CPU
		{2BA547C8-EC7A-A077-FCDF-2EA05866BA9C}.Release|Any CPU.ActiveCfg = Release|Any CPU
		{2BA547C8-EC7A-A077-FCDF-2EA05866BA9C}.Release|Any CPU.Build.0 = Release|Any CPU
		{AC02F239-902F-468B-8C7C-D10D53661AC6}.Debug|Any CPU.ActiveCfg = Debug|Any CPU
		{AC02F239-902F-468B-8C7C-D10D53661AC6}.Debug|Any CPU.Build.0 = Debug|Any CPU
		{AC02F239-902F-468B-8C7C-D10D53661AC6}.Release|Any CPU.ActiveCfg = Release|Any CPU
		{AC02F239-902F-468B-8C7C-D10D53661AC6}.Release|Any CPU.Build.0 = Release|Any CPU
		{0F6A302F-FDDC-4929-E0A2-49272EEBFCFA}.Debug|Any CPU.ActiveCfg = Debug|Any CPU
		{0F6A302F-FDDC-4929-E0A2-49272EEBFCFA}.Debug|Any CPU.Build.0 = Debug|Any CPU
		{0F6A302F-FDDC-4929-E0A2-49272EEBFCFA}.Release|Any CPU.ActiveCfg = Release|Any CPU
		{0F6A302F-FDDC-4929-E0A2-49272EEBFCFA}.Release|Any CPU.Build.0 = Release|Any CPU
		{44615E4D-1A70-C5B0-7F03-7C63DA48F35B}.Debug|Any CPU.ActiveCfg = Debug|Any CPU
		{44615E4D-1A70-C5B0-7F03-7C63DA48F35B}.Debug|Any CPU.Build.0 = Debug|Any CPU
		{44615E4D-1A70-C5B0-7F03-7C63DA48F35B}.Release|Any CPU.ActiveCfg = Release|Any CPU
		{44615E4D-1A70-C5B0-7F03-7C63DA48F35B}.Release|Any CPU.Build.0 = Release|Any CPU
		{AF624DE0-A7FB-DBFA-17C5-7757F0152A17}.Debug|Any CPU.ActiveCfg = Debug|Any CPU
		{AF624DE0-A7FB-DBFA-17C5-7757F0152A17}.Debug|Any CPU.Build.0 = Debug|Any CPU
		{AF624DE0-A7FB-DBFA-17C5-7757F0152A17}.Release|Any CPU.ActiveCfg = Release|Any CPU
		{AF624DE0-A7FB-DBFA-17C5-7757F0152A17}.Release|Any CPU.Build.0 = Release|Any CPU
		{84DA6EAA-D3D9-EFBF-80DD-830009305380}.Debug|Any CPU.ActiveCfg = Debug|Any CPU
		{84DA6EAA-D3D9-EFBF-80DD-830009305380}.Debug|Any CPU.Build.0 = Debug|Any CPU
		{84DA6EAA-D3D9-EFBF-80DD-830009305380}.Release|Any CPU.ActiveCfg = Release|Any CPU
		{84DA6EAA-D3D9-EFBF-80DD-830009305380}.Release|Any CPU.Build.0 = Release|Any CPU
		{9E64C0CB-53B2-9BF5-9F54-CBA93996099D}.Debug|Any CPU.ActiveCfg = Debug|Any CPU
		{9E64C0CB-53B2-9BF5-9F54-CBA93996099D}.Debug|Any CPU.Build.0 = Debug|Any CPU
		{9E64C0CB-53B2-9BF5-9F54-CBA93996099D}.Release|Any CPU.ActiveCfg = Release|Any CPU
		{9E64C0CB-53B2-9BF5-9F54-CBA93996099D}.Release|Any CPU.Build.0 = Release|Any CPU
		{8A4B5F5E-F9AE-2605-4A4D-50E60465C3D7}.Debug|Any CPU.ActiveCfg = Debug|Any CPU
		{8A4B5F5E-F9AE-2605-4A4D-50E60465C3D7}.Debug|Any CPU.Build.0 = Debug|Any CPU
		{8A4B5F5E-F9AE-2605-4A4D-50E60465C3D7}.Release|Any CPU.ActiveCfg = Release|Any CPU
		{8A4B5F5E-F9AE-2605-4A4D-50E60465C3D7}.Release|Any CPU.Build.0 = Release|Any CPU
		{E85906DE-ECFD-1C6B-8589-3F3E4D382F52}.Debug|Any CPU.ActiveCfg = Debug|Any CPU
		{E85906DE-ECFD-1C6B-8589-3F3E4D382F52}.Debug|Any CPU.Build.0 = Debug|Any CPU
		{E85906DE-ECFD-1C6B-8589-3F3E4D382F52}.Release|Any CPU.ActiveCfg = Release|Any CPU
		{E85906DE-ECFD-1C6B-8589-3F3E4D382F52}.Release|Any CPU.Build.0 = Release|Any CPU
		{D0F1CDD5-607E-67BE-A2DB-CE0F9FE4A63C}.Debug|Any CPU.ActiveCfg = Debug|Any CPU
		{D0F1CDD5-607E-67BE-A2DB-CE0F9FE4A63C}.Debug|Any CPU.Build.0 = Debug|Any CPU
		{D0F1CDD5-607E-67BE-A2DB-CE0F9FE4A63C}.Release|Any CPU.ActiveCfg = Release|Any CPU
		{D0F1CDD5-607E-67BE-A2DB-CE0F9FE4A63C}.Release|Any CPU.Build.0 = Release|Any CPU
		{855D0F73-214A-0243-20B1-2F4156285414}.Debug|Any CPU.ActiveCfg = Debug|Any CPU
		{855D0F73-214A-0243-20B1-2F4156285414}.Debug|Any CPU.Build.0 = Debug|Any CPU
		{855D0F73-214A-0243-20B1-2F4156285414}.Release|Any CPU.ActiveCfg = Release|Any CPU
		{855D0F73-214A-0243-20B1-2F4156285414}.Release|Any CPU.Build.0 = Release|Any CPU
		{B7FEDEF9-6AFF-9DD7-7B3E-E5E1DE5475B1}.Debug|Any CPU.ActiveCfg = Debug|Any CPU
		{B7FEDEF9-6AFF-9DD7-7B3E-E5E1DE5475B1}.Debug|Any CPU.Build.0 = Debug|Any CPU
		{B7FEDEF9-6AFF-9DD7-7B3E-E5E1DE5475B1}.Release|Any CPU.ActiveCfg = Release|Any CPU
		{B7FEDEF9-6AFF-9DD7-7B3E-E5E1DE5475B1}.Release|Any CPU.Build.0 = Release|Any CPU
		{6772AB34-0168-645B-B43C-1460E2C13575}.Debug|Any CPU.ActiveCfg = Debug|Any CPU
		{6772AB34-0168-645B-B43C-1460E2C13575}.Debug|Any CPU.Build.0 = Debug|Any CPU
		{6772AB34-0168-645B-B43C-1460E2C13575}.Release|Any CPU.ActiveCfg = Release|Any CPU
		{6772AB34-0168-645B-B43C-1460E2C13575}.Release|Any CPU.Build.0 = Release|Any CPU
		{AE961F3D-AC7A-C6AB-9BA2-5B9739BD7E40}.Debug|Any CPU.ActiveCfg = Debug|Any CPU
		{AE961F3D-AC7A-C6AB-9BA2-5B9739BD7E40}.Debug|Any CPU.Build.0 = Debug|Any CPU
		{AE961F3D-AC7A-C6AB-9BA2-5B9739BD7E40}.Release|Any CPU.ActiveCfg = Release|Any CPU
		{AE961F3D-AC7A-C6AB-9BA2-5B9739BD7E40}.Release|Any CPU.Build.0 = Release|Any CPU
		{C61D95F6-3AA5-5AE2-ED2C-C2BC4987C91B}.Debug|Any CPU.ActiveCfg = Debug|Any CPU
		{C61D95F6-3AA5-5AE2-ED2C-C2BC4987C91B}.Debug|Any CPU.Build.0 = Debug|Any CPU
		{C61D95F6-3AA5-5AE2-ED2C-C2BC4987C91B}.Release|Any CPU.ActiveCfg = Release|Any CPU
		{C61D95F6-3AA5-5AE2-ED2C-C2BC4987C91B}.Release|Any CPU.Build.0 = Release|Any CPU
		{0CE4351A-42B3-DBA2-DB01-C70CFCA6C3A1}.Debug|Any CPU.ActiveCfg = Debug|Any CPU
		{0CE4351A-42B3-DBA2-DB01-C70CFCA6C3A1}.Debug|Any CPU.Build.0 = Debug|Any CPU
		{0CE4351A-42B3-DBA2-DB01-C70CFCA6C3A1}.Release|Any CPU.ActiveCfg = Release|Any CPU
		{0CE4351A-42B3-DBA2-DB01-C70CFCA6C3A1}.Release|Any CPU.Build.0 = Release|Any CPU
		{71F6DF21-7848-9322-46CB-013A148E5823}.Debug|Any CPU.ActiveCfg = Debug|Any CPU
		{71F6DF21-7848-9322-46CB-013A148E5823}.Debug|Any CPU.Build.0 = Debug|Any CPU
		{71F6DF21-7848-9322-46CB-013A148E5823}.Release|Any CPU.ActiveCfg = Release|Any CPU
		{71F6DF21-7848-9322-46CB-013A148E5823}.Release|Any CPU.Build.0 = Release|Any CPU
		{AC325B8B-0A7B-0644-1BE5-291D07331AE9}.Debug|Any CPU.ActiveCfg = Debug|Any CPU
		{AC325B8B-0A7B-0644-1BE5-291D07331AE9}.Debug|Any CPU.Build.0 = Debug|Any CPU
		{AC325B8B-0A7B-0644-1BE5-291D07331AE9}.Release|Any CPU.ActiveCfg = Release|Any CPU
		{AC325B8B-0A7B-0644-1BE5-291D07331AE9}.Release|Any CPU.Build.0 = Release|Any CPU
		{7B81ACD1-0AE8-47B7-F31E-8AFFB7749E6E}.Debug|Any CPU.ActiveCfg = Debug|Any CPU
		{7B81ACD1-0AE8-47B7-F31E-8AFFB7749E6E}.Debug|Any CPU.Build.0 = Debug|Any CPU
		{7B81ACD1-0AE8-47B7-F31E-8AFFB7749E6E}.Release|Any CPU.ActiveCfg = Release|Any CPU
		{7B81ACD1-0AE8-47B7-F31E-8AFFB7749E6E}.Release|Any CPU.Build.0 = Release|Any CPU
		{B66A6E2B-774E-2F65-DDF3-E9B86C5CF30A}.Debug|Any CPU.ActiveCfg = Debug|Any CPU
		{B66A6E2B-774E-2F65-DDF3-E9B86C5CF30A}.Debug|Any CPU.Build.0 = Debug|Any CPU
		{B66A6E2B-774E-2F65-DDF3-E9B86C5CF30A}.Release|Any CPU.ActiveCfg = Release|Any CPU
		{B66A6E2B-774E-2F65-DDF3-E9B86C5CF30A}.Release|Any CPU.Build.0 = Release|Any CPU
		{C86732B1-72B0-D9B4-EC24-492417B953FC}.Debug|Any CPU.ActiveCfg = Debug|Any CPU
		{C86732B1-72B0-D9B4-EC24-492417B953FC}.Debug|Any CPU.Build.0 = Debug|Any CPU
		{C86732B1-72B0-D9B4-EC24-492417B953FC}.Release|Any CPU.ActiveCfg = Release|Any CPU
		{C86732B1-72B0-D9B4-EC24-492417B953FC}.Release|Any CPU.Build.0 = Release|Any CPU
		{CBD86E4A-5B99-64C2-8EEF-D842B6482163}.Debug|Any CPU.ActiveCfg = Debug|Any CPU
		{CBD86E4A-5B99-64C2-8EEF-D842B6482163}.Debug|Any CPU.Build.0 = Debug|Any CPU
		{CBD86E4A-5B99-64C2-8EEF-D842B6482163}.Release|Any CPU.ActiveCfg = Release|Any CPU
		{CBD86E4A-5B99-64C2-8EEF-D842B6482163}.Release|Any CPU.Build.0 = Release|Any CPU
		{1C515767-CED4-E4A3-86A6-6A5C0FD668C1}.Debug|Any CPU.ActiveCfg = Debug|Any CPU
		{1C515767-CED4-E4A3-86A6-6A5C0FD668C1}.Debug|Any CPU.Build.0 = Debug|Any CPU
		{1C515767-CED4-E4A3-86A6-6A5C0FD668C1}.Release|Any CPU.ActiveCfg = Release|Any CPU
		{1C515767-CED4-E4A3-86A6-6A5C0FD668C1}.Release|Any CPU.Build.0 = Release|Any CPU
		{0F5EB167-BC51-8BB1-E866-5EBEB5872167}.Debug|Any CPU.ActiveCfg = Debug|Any CPU
		{0F5EB167-BC51-8BB1-E866-5EBEB5872167}.Debug|Any CPU.Build.0 = Debug|Any CPU
		{0F5EB167-BC51-8BB1-E866-5EBEB5872167}.Release|Any CPU.ActiveCfg = Release|Any CPU
		{0F5EB167-BC51-8BB1-E866-5EBEB5872167}.Release|Any CPU.Build.0 = Release|Any CPU
		{B06C23B2-8A15-787D-CCE4-A52EDD499C62}.Debug|Any CPU.ActiveCfg = Debug|Any CPU
		{B06C23B2-8A15-787D-CCE4-A52EDD499C62}.Debug|Any CPU.Build.0 = Debug|Any CPU
		{B06C23B2-8A15-787D-CCE4-A52EDD499C62}.Release|Any CPU.ActiveCfg = Release|Any CPU
		{B06C23B2-8A15-787D-CCE4-A52EDD499C62}.Release|Any CPU.Build.0 = Release|Any CPU
		{D0B461E0-F717-75AC-B403-13CDB9C36BFD}.Debug|Any CPU.ActiveCfg = Debug|Any CPU
		{D0B461E0-F717-75AC-B403-13CDB9C36BFD}.Debug|Any CPU.Build.0 = Debug|Any CPU
		{D0B461E0-F717-75AC-B403-13CDB9C36BFD}.Release|Any CPU.ActiveCfg = Release|Any CPU
		{D0B461E0-F717-75AC-B403-13CDB9C36BFD}.Release|Any CPU.Build.0 = Release|Any CPU
		{A9CE5978-6824-F437-640A-E6DCC15B3FE0}.Debug|Any CPU.ActiveCfg = Debug|Any CPU
		{A9CE5978-6824-F437-640A-E6DCC15B3FE0}.Debug|Any CPU.Build.0 = Debug|Any CPU
		{A9CE5978-6824-F437-640A-E6DCC15B3FE0}.Release|Any CPU.ActiveCfg = Release|Any CPU
		{A9CE5978-6824-F437-640A-E6DCC15B3FE0}.Release|Any CPU.Build.0 = Release|Any CPU
		{244AF4DC-64E9-D5D1-69D2-2677F6050206}.Debug|Any CPU.ActiveCfg = Debug|Any CPU
		{244AF4DC-64E9-D5D1-69D2-2677F6050206}.Debug|Any CPU.Build.0 = Debug|Any CPU
		{244AF4DC-64E9-D5D1-69D2-2677F6050206}.Release|Any CPU.ActiveCfg = Release|Any CPU
		{244AF4DC-64E9-D5D1-69D2-2677F6050206}.Release|Any CPU.Build.0 = Release|Any CPU
		{5FBCC671-5135-4ADC-19B5-8BAC3916FFCF}.Debug|Any CPU.ActiveCfg = Debug|Any CPU
		{5FBCC671-5135-4ADC-19B5-8BAC3916FFCF}.Debug|Any CPU.Build.0 = Debug|Any CPU
		{5FBCC671-5135-4ADC-19B5-8BAC3916FFCF}.Release|Any CPU.ActiveCfg = Release|Any CPU
		{5FBCC671-5135-4ADC-19B5-8BAC3916FFCF}.Release|Any CPU.Build.0 = Release|Any CPU
		{57FDC73F-DB70-BEE5-C564-4A39EBA1A4BA}.Debug|Any CPU.ActiveCfg = Debug|Any CPU
		{57FDC73F-DB70-BEE5-C564-4A39EBA1A4BA}.Debug|Any CPU.Build.0 = Debug|Any CPU
		{57FDC73F-DB70-BEE5-C564-4A39EBA1A4BA}.Release|Any CPU.ActiveCfg = Release|Any CPU
		{57FDC73F-DB70-BEE5-C564-4A39EBA1A4BA}.Release|Any CPU.Build.0 = Release|Any CPU
		{67E413F5-5B4C-4138-FC69-C13954E15315}.Debug|Any CPU.ActiveCfg = Debug|Any CPU
		{67E413F5-5B4C-4138-FC69-C13954E15315}.Debug|Any CPU.Build.0 = Debug|Any CPU
		{67E413F5-5B4C-4138-FC69-C13954E15315}.Release|Any CPU.ActiveCfg = Release|Any CPU
		{67E413F5-5B4C-4138-FC69-C13954E15315}.Release|Any CPU.Build.0 = Release|Any CPU
		{E7677007-EA7C-9463-99E2-22FE1E349943}.Debug|Any CPU.ActiveCfg = Debug|Any CPU
		{E7677007-EA7C-9463-99E2-22FE1E349943}.Debug|Any CPU.Build.0 = Debug|Any CPU
		{E7677007-EA7C-9463-99E2-22FE1E349943}.Release|Any CPU.ActiveCfg = Release|Any CPU
		{E7677007-EA7C-9463-99E2-22FE1E349943}.Release|Any CPU.Build.0 = Release|Any CPU
		{6529ACD1-E129-2AC9-5341-2B7F15474367}.Debug|Any CPU.ActiveCfg = Debug|Any CPU
		{6529ACD1-E129-2AC9-5341-2B7F15474367}.Debug|Any CPU.Build.0 = Debug|Any CPU
		{6529ACD1-E129-2AC9-5341-2B7F15474367}.Release|Any CPU.ActiveCfg = Release|Any CPU
		{6529ACD1-E129-2AC9-5341-2B7F15474367}.Release|Any CPU.Build.0 = Release|Any CPU
		{DA806CED-1CFB-BB0E-EC1A-1926B1958BD8}.Debug|Any CPU.ActiveCfg = Debug|Any CPU
		{DA806CED-1CFB-BB0E-EC1A-1926B1958BD8}.Debug|Any CPU.Build.0 = Debug|Any CPU
		{DA806CED-1CFB-BB0E-EC1A-1926B1958BD8}.Release|Any CPU.ActiveCfg = Release|Any CPU
		{DA806CED-1CFB-BB0E-EC1A-1926B1958BD8}.Release|Any CPU.Build.0 = Release|Any CPU
		{A4932A28-C396-FC9F-F38A-D4E7368D4D92}.Debug|Any CPU.ActiveCfg = Debug|Any CPU
		{A4932A28-C396-FC9F-F38A-D4E7368D4D92}.Debug|Any CPU.Build.0 = Debug|Any CPU
		{A4932A28-C396-FC9F-F38A-D4E7368D4D92}.Release|Any CPU.ActiveCfg = Release|Any CPU
		{A4932A28-C396-FC9F-F38A-D4E7368D4D92}.Release|Any CPU.Build.0 = Release|Any CPU
		{B1153E8C-AB6F-C5AD-406E-730D473259E7}.Debug|Any CPU.ActiveCfg = Debug|Any CPU
		{B1153E8C-AB6F-C5AD-406E-730D473259E7}.Debug|Any CPU.Build.0 = Debug|Any CPU
		{B1153E8C-AB6F-C5AD-406E-730D473259E7}.Release|Any CPU.ActiveCfg = Release|Any CPU
		{B1153E8C-AB6F-C5AD-406E-730D473259E7}.Release|Any CPU.Build.0 = Release|Any CPU
		{EA54A71C-9A77-81E0-2892-8A082ED53727}.Debug|Any CPU.ActiveCfg = Debug|Any CPU
		{EA54A71C-9A77-81E0-2892-8A082ED53727}.Debug|Any CPU.Build.0 = Debug|Any CPU
		{EA54A71C-9A77-81E0-2892-8A082ED53727}.Release|Any CPU.ActiveCfg = Release|Any CPU
		{EA54A71C-9A77-81E0-2892-8A082ED53727}.Release|Any CPU.Build.0 = Release|Any CPU
	EndGlobalSection
	GlobalSection(SolutionProperties) = preSolution
		HideSolutionNode = FALSE
	EndGlobalSection
EndGlobal
